
Microsoft Visual Studio Solution File, Format Version 12.00
# Visual Studio Version 17
VisualStudioVersion = 17.1.32319.34
MinimumVisualStudioVersion = 10.0.40219.1
Project("{FAE04EC0-301F-11D3-BF4B-00C04F79EFBC}") = "Odev1", "Odev1\Odev1.csproj", "{F7B4767E-2FD0-45B5-BC26-789F6CC84AAA}"
EndProject
Project("{FAE04EC0-301F-11D3-BF4B-00C04F79EFBC}") = "Odev2", "Odev2\Odev2.csproj", "{0CD75EF3-AA14-4BE6-B89A-95D75E3F0388}"
EndProject
Global
	GlobalSection(SolutionConfigurationPlatforms) = preSolution
		Debug|Any CPU = Debug|Any CPU
		Release|Any CPU = Release|Any CPU
	EndGlobalSection
	GlobalSection(ProjectConfigurationPlatforms) = postSolution
		{F7B4767E-2FD0-45B5-BC26-789F6CC84AAA}.Debug|Any CPU.ActiveCfg = Debug|Any CPU
		{F7B4767E-2FD0-45B5-BC26-789F6CC84AAA}.Debug|Any CPU.Build.0 = Debug|Any CPU
		{F7B4767E-2FD0-45B5-BC26-789F6CC84AAA}.Release|Any CPU.ActiveCfg = Release|Any CPU
		{F7B4767E-2FD0-45B5-BC26-789F6CC84AAA}.Release|Any CPU.Build.0 = Release|Any CPU
		{0CD75EF3-AA14-4BE6-B89A-95D75E3F0388}.Debug|Any CPU.ActiveCfg = Debug|Any CPU
		{0CD75EF3-AA14-4BE6-B89A-95D75E3F0388}.Debug|Any CPU.Build.0 = Debug|Any CPU
		{0CD75EF3-AA14-4BE6-B89A-95D75E3F0388}.Release|Any CPU.ActiveCfg = Release|Any CPU
		{0CD75EF3-AA14-4BE6-B89A-95D75E3F0388}.Release|Any CPU.Build.0 = Release|Any CPU
	EndGlobalSection
	GlobalSection(SolutionProperties) = preSolution
		HideSolutionNode = FALSE
	EndGlobalSection
	GlobalSection(ExtensibilityGlobals) = postSolution
		SolutionGuid = {A4532CEA-1E1E-4510-B322-EA79FF83EDCE}
	EndGlobalSection
EndGlobal
